
Microsoft Visual Studio Solution File, Format Version 12.00
# Visual Studio 2013
VisualStudioVersion = 12.0.21005.1
MinimumVisualStudioVersion = 10.0.40219.1
Project("{FAE04EC0-301F-11D3-BF4B-00C04F79EFBC}") = "ZhiNotificationCommon", "ZhiNotificationCommon\ZhiNotificationCommon.csproj", "{91F6491D-8422-4B91-938A-F985C5B7B3DA}"
EndProject
Project("{2150E333-8FDC-42A3-9474-1A3956D46DE8}") = ".nuget", ".nuget", "{6472C5AB-468C-4826-A1FC-6B9FAB2F131F}"
	ProjectSection(SolutionItems) = preProject
		.nuget\NuGet.Config = .nuget\NuGet.Config
		.nuget\NuGet.exe = .nuget\NuGet.exe
		.nuget\NuGet.targets = .nuget\NuGet.targets
	EndProjectSection
EndProject
Global
	GlobalSection(TeamFoundationVersionControl) = preSolution
		SccNumberOfProjects = 2
		SccEnterpriseProvider = {4CA58AB2-18FA-4F8D-95D4-32DDF27D184C}
		SccTeamFoundationServer = http://tzgsrvdev01:8080/tfs/defaultcollection
		SccLocalPath0 = .
		SccProjectUniqueName1 = ZhiNotificationCommon\\ZhiNotificationCommon.csproj
		SccProjectName1 = ZhiNotificationCommon
		SccLocalPath1 = ZhiNotificationCommon
	EndGlobalSection
	GlobalSection(SolutionConfigurationPlatforms) = preSolution
		Debug|Any CPU = Debug|Any CPU
		Release|Any CPU = Release|Any CPU
	EndGlobalSection
	GlobalSection(ProjectConfigurationPlatforms) = postSolution
		{91F6491D-8422-4B91-938A-F985C5B7B3DA}.Debug|Any CPU.ActiveCfg = Debug|Any CPU
		{91F6491D-8422-4B91-938A-F985C5B7B3DA}.Debug|Any CPU.Build.0 = Debug|Any CPU
		{91F6491D-8422-4B91-938A-F985C5B7B3DA}.Release|Any CPU.ActiveCfg = Release|Any CPU
		{91F6491D-8422-4B91-938A-F985C5B7B3DA}.Release|Any CPU.Build.0 = Release|Any CPU
	EndGlobalSection
	GlobalSection(SolutionProperties) = preSolution
		HideSolutionNode = FALSE
	EndGlobalSection
EndGlobal
